// !$*UTF8*$!
{
	archiveVersion = 1;
	classes = {
	};
	objectVersion = 46;
	objects = {

/* Begin PBXBuildFile section */
		FD58060920776A8D00F1EBC3 /* main.cpp in Sources */ = {isa = PBXBuildFile; fileRef = FD58060820776A8D00F1EBC3 /* main.cpp */; };
		FDC492F120776B0B00DC1E19 /* Agence.cpp in Sources */ = {isa = PBXBuildFile; fileRef = FDC492EF20776B0B00DC1E19 /* Agence.cpp */; };
		FDC492F420776B3600DC1E19 /* Client.cpp in Sources */ = {isa = PBXBuildFile; fileRef = FDC492F220776B3600DC1E19 /* Client.cpp */; };
		FDC492F720776B4000DC1E19 /* Bien.cpp in Sources */ = {isa = PBXBuildFile; fileRef = FDC492F520776B4000DC1E19 /* Bien.cpp */; };
		FDC492FA20776B5500DC1E19 /* Vendeur.cpp in Sources */ = {isa = PBXBuildFile; fileRef = FDC492F820776B5500DC1E19 /* Vendeur.cpp */; };
		FDC492FD20776B5E00DC1E19 /* Acheteur.cpp in Sources */ = {isa = PBXBuildFile; fileRef = FDC492FB20776B5E00DC1E19 /* Acheteur.cpp */; };
		FDC4930020776B7500DC1E19 /* Appartement.cpp in Sources */ = {isa = PBXBuildFile; fileRef = FDC492FE20776B7500DC1E19 /* Appartement.cpp */; };
		FDC4930320776B7F00DC1E19 /* Maison.cpp in Sources */ = {isa = PBXBuildFile; fileRef = FDC4930120776B7F00DC1E19 /* Maison.cpp */; };
		FDC4930620776B8800DC1E19 /* Terrain.cpp in Sources */ = {isa = PBXBuildFile; fileRef = FDC4930420776B8800DC1E19 /* Terrain.cpp */; };
		FDC4930920776B9400DC1E19 /* Locaux.cpp in Sources */ = {isa = PBXBuildFile; fileRef = FDC4930720776B9400DC1E19 /* Locaux.cpp */; };
		FDC4930C20776BA100DC1E19 /* Visite.cpp in Sources */ = {isa = PBXBuildFile; fileRef = FDC4930A20776BA100DC1E19 /* Visite.cpp */; };
/* End PBXBuildFile section */

/* Begin PBXCopyFilesBuildPhase section */
		FD58060320776A8C00F1EBC3 /* CopyFiles */ = {
			isa = PBXCopyFilesBuildPhase;
			buildActionMask = 2147483647;
			dstPath = /usr/share/man/man1/;
			dstSubfolderSpec = 0;
			files = (
			);
			runOnlyForDeploymentPostprocessing = 1;
		};
/* End PBXCopyFilesBuildPhase section */

/* Begin PBXFileReference section */
		FD58060520776A8D00F1EBC3 /* classes */ = {isa = PBXFileReference; explicitFileType = "compiled.mach-o.executable"; includeInIndex = 0; path = classes; sourceTree = BUILT_PRODUCTS_DIR; };
		FD58060820776A8D00F1EBC3 /* main.cpp */ = {isa = PBXFileReference; lastKnownFileType = sourcecode.cpp.cpp; path = main.cpp; sourceTree = "<group>"; };
		FDC492EF20776B0B00DC1E19 /* Agence.cpp */ = {isa = PBXFileReference; fileEncoding = 4; lastKnownFileType = sourcecode.cpp.cpp; path = Agence.cpp; sourceTree = "<group>"; };
		FDC492F020776B0B00DC1E19 /* Agence.hpp */ = {isa = PBXFileReference; fileEncoding = 4; lastKnownFileType = sourcecode.cpp.h; path = Agence.hpp; sourceTree = "<group>"; };
		FDC492F220776B3600DC1E19 /* Client.cpp */ = {isa = PBXFileReference; fileEncoding = 4; lastKnownFileType = sourcecode.cpp.cpp; path = Client.cpp; sourceTree = "<group>"; };
		FDC492F320776B3600DC1E19 /* Client.hpp */ = {isa = PBXFileReference; fileEncoding = 4; lastKnownFileType = sourcecode.cpp.h; path = Client.hpp; sourceTree = "<group>"; };
		FDC492F520776B4000DC1E19 /* Bien.cpp */ = {isa = PBXFileReference; fileEncoding = 4; lastKnownFileType = sourcecode.cpp.cpp; path = Bien.cpp; sourceTree = "<group>"; };
		FDC492F620776B4000DC1E19 /* Bien.hpp */ = {isa = PBXFileReference; fileEncoding = 4; lastKnownFileType = sourcecode.cpp.h; path = Bien.hpp; sourceTree = "<group>"; };
		FDC492F820776B5500DC1E19 /* Vendeur.cpp */ = {isa = PBXFileReference; fileEncoding = 4; lastKnownFileType = sourcecode.cpp.cpp; path = Vendeur.cpp; sourceTree = "<group>"; };
		FDC492F920776B5500DC1E19 /* Vendeur.hpp */ = {isa = PBXFileReference; fileEncoding = 4; lastKnownFileType = sourcecode.cpp.h; path = Vendeur.hpp; sourceTree = "<group>"; };
		FDC492FB20776B5E00DC1E19 /* Acheteur.cpp */ = {isa = PBXFileReference; fileEncoding = 4; lastKnownFileType = sourcecode.cpp.cpp; path = Acheteur.cpp; sourceTree = "<group>"; };
		FDC492FC20776B5E00DC1E19 /* Acheteur.hpp */ = {isa = PBXFileReference; fileEncoding = 4; lastKnownFileType = sourcecode.cpp.h; path = Acheteur.hpp; sourceTree = "<group>"; };
		FDC492FE20776B7500DC1E19 /* Appartement.cpp */ = {isa = PBXFileReference; fileEncoding = 4; lastKnownFileType = sourcecode.cpp.cpp; path = Appartement.cpp; sourceTree = "<group>"; };
		FDC492FF20776B7500DC1E19 /* Appartement.hpp */ = {isa = PBXFileReference; fileEncoding = 4; lastKnownFileType = sourcecode.cpp.h; path = Appartement.hpp; sourceTree = "<group>"; };
		FDC4930120776B7F00DC1E19 /* Maison.cpp */ = {isa = PBXFileReference; fileEncoding = 4; lastKnownFileType = sourcecode.cpp.cpp; path = Maison.cpp; sourceTree = "<group>"; };
		FDC4930220776B7F00DC1E19 /* Maison.hpp */ = {isa = PBXFileReference; fileEncoding = 4; lastKnownFileType = sourcecode.cpp.h; path = Maison.hpp; sourceTree = "<group>"; };
		FDC4930420776B8800DC1E19 /* Terrain.cpp */ = {isa = PBXFileReference; fileEncoding = 4; lastKnownFileType = sourcecode.cpp.cpp; path = Terrain.cpp; sourceTree = "<group>"; };
		FDC4930520776B8800DC1E19 /* Terrain.hpp */ = {isa = PBXFileReference; fileEncoding = 4; lastKnownFileType = sourcecode.cpp.h; path = Terrain.hpp; sourceTree = "<group>"; };
		FDC4930720776B9400DC1E19 /* Locaux.cpp */ = {isa = PBXFileReference; fileEncoding = 4; lastKnownFileType = sourcecode.cpp.cpp; path = Locaux.cpp; sourceTree = "<group>"; };
		FDC4930820776B9400DC1E19 /* Locaux.hpp */ = {isa = PBXFileReference; fileEncoding = 4; lastKnownFileType = sourcecode.cpp.h; path = Locaux.hpp; sourceTree = "<group>"; };
		FDC4930A20776BA100DC1E19 /* Visite.cpp */ = {isa = PBXFileReference; fileEncoding = 4; lastKnownFileType = sourcecode.cpp.cpp; path = Visite.cpp; sourceTree = "<group>"; };
		FDC4930B20776BA100DC1E19 /* Visite.hpp */ = {isa = PBXFileReference; fileEncoding = 4; lastKnownFileType = sourcecode.cpp.h; path = Visite.hpp; sourceTree = "<group>"; };
/* End PBXFileReference section */

/* Begin PBXFrameworksBuildPhase section */
		FD58060220776A8C00F1EBC3 /* Frameworks */ = {
			isa = PBXFrameworksBuildPhase;
			buildActionMask = 2147483647;
			files = (
			);
			runOnlyForDeploymentPostprocessing = 0;
		};
/* End PBXFrameworksBuildPhase section */

/* Begin PBXGroup section */
		FD5805FC20776A8C00F1EBC3 = {
			isa = PBXGroup;
			children = (
				FD58060720776A8D00F1EBC3 /* classes */,
				FD58060620776A8D00F1EBC3 /* Products */,
			);
			sourceTree = "<group>";
		};
		FD58060620776A8D00F1EBC3 /* Products */ = {
			isa = PBXGroup;
			children = (
				FD58060520776A8D00F1EBC3 /* classes */,
			);
			name = Products;
			sourceTree = "<group>";
		};
		FD58060720776A8D00F1EBC3 /* classes */ = {
			isa = PBXGroup;
			children = (
				FD58060820776A8D00F1EBC3 /* main.cpp */,
				FDC492EF20776B0B00DC1E19 /* Agence.cpp */,
				FDC492F020776B0B00DC1E19 /* Agence.hpp */,
				FDC4930A20776BA100DC1E19 /* Visite.cpp */,
				FDC4930B20776BA100DC1E19 /* Visite.hpp */,
				FDC492F520776B4000DC1E19 /* Bien.cpp */,
				FDC492F620776B4000DC1E19 /* Bien.hpp */,
				FDC492FE20776B7500DC1E19 /* Appartement.cpp */,
				FDC492FF20776B7500DC1E19 /* Appartement.hpp */,
				FDC4930120776B7F00DC1E19 /* Maison.cpp */,
				FDC4930220776B7F00DC1E19 /* Maison.hpp */,
				FDC4930420776B8800DC1E19 /* Terrain.cpp */,
				FDC4930520776B8800DC1E19 /* Terrain.hpp */,
				FDC4930720776B9400DC1E19 /* Locaux.cpp */,
				FDC4930820776B9400DC1E19 /* Locaux.hpp */,
				FDC492F220776B3600DC1E19 /* Client.cpp */,
				FDC492F320776B3600DC1E19 /* Client.hpp */,
				FDC492F820776B5500DC1E19 /* Vendeur.cpp */,
				FDC492F920776B5500DC1E19 /* Vendeur.hpp */,
				FDC492FB20776B5E00DC1E19 /* Acheteur.cpp */,
				FDC492FC20776B5E00DC1E19 /* Acheteur.hpp */,
			);
			path = classes;
			sourceTree = "<group>";
		};
/* End PBXGroup section */

/* Begin PBXNativeTarget section */
		FD58060420776A8C00F1EBC3 /* classes */ = {
			isa = PBXNativeTarget;
			buildConfigurationList = FD58060C20776A8D00F1EBC3 /* Build configuration list for PBXNativeTarget "classes" */;
			buildPhases = (
				FD58060120776A8C00F1EBC3 /* Sources */,
				FD58060220776A8C00F1EBC3 /* Frameworks */,
				FD58060320776A8C00F1EBC3 /* CopyFiles */,
			);
			buildRules = (
			);
			dependencies = (
			);
			name = classes;
			productName = classes;
			productReference = FD58060520776A8D00F1EBC3 /* classes */;
			productType = "com.apple.product-type.tool";
		};
/* End PBXNativeTarget section */

/* Begin PBXProject section */
		FD5805FD20776A8C00F1EBC3 /* Project object */ = {
			isa = PBXProject;
			attributes = {
				LastUpgradeCheck = 0820;
				ORGANIZATIONNAME = "Edwin Lebreton";
				TargetAttributes = {
					FD58060420776A8C00F1EBC3 = {
						CreatedOnToolsVersion = 8.2.1;
						ProvisioningStyle = Automatic;
					};
				};
			};
			buildConfigurationList = FD58060020776A8C00F1EBC3 /* Build configuration list for PBXProject "classes" */;
			compatibilityVersion = "Xcode 3.2";
			developmentRegion = English;
			hasScannedForEncodings = 0;
			knownRegions = (
				en,
			);
			mainGroup = FD5805FC20776A8C00F1EBC3;
			productRefGroup = FD58060620776A8D00F1EBC3 /* Products */;
			projectDirPath = "";
			projectRoot = "";
			targets = (
				FD58060420776A8C00F1EBC3 /* classes */,
			);
		};
/* End PBXProject section */

/* Begin PBXSourcesBuildPhase section */
		FD58060120776A8C00F1EBC3 /* Sources */ = {
			isa = PBXSourcesBuildPhase;
			buildActionMask = 2147483647;
			files = (
				FDC492FD20776B5E00DC1E19 /* Acheteur.cpp in Sources */,
				FDC4930920776B9400DC1E19 /* Locaux.cpp in Sources */,
				FDC492F120776B0B00DC1E19 /* Agence.cpp in Sources */,
				FDC4930620776B8800DC1E19 /* Terrain.cpp in Sources */,
				FDC4930320776B7F00DC1E19 /* Maison.cpp in Sources */,
				FDC4930020776B7500DC1E19 /* Appartement.cpp in Sources */,
				FD58060920776A8D00F1EBC3 /* main.cpp in Sources */,
				FDC492F420776B3600DC1E19 /* Client.cpp in Sources */,
				FDC492F720776B4000DC1E19 /* Bien.cpp in Sources */,
				FDC492FA20776B5500DC1E19 /* Vendeur.cpp in Sources */,
				FDC4930C20776BA100DC1E19 /* Visite.cpp in Sources */,
			);
			runOnlyForDeploymentPostprocessing = 0;
		};
/* End PBXSourcesBuildPhase section */

/* Begin XCBuildConfiguration section */
		FD58060A20776A8D00F1EBC3 /* Debug */ = {
			isa = XCBuildConfiguration;
			buildSettings = {
				ALWAYS_SEARCH_USER_PATHS = NO;
				CLANG_ANALYZER_NONNULL = YES;
				CLANG_CXX_LANGUAGE_STANDARD = "gnu++0x";
				CLANG_CXX_LIBRARY = "libc++";
				CLANG_ENABLE_MODULES = YES;
				CLANG_ENABLE_OBJC_ARC = YES;
				CLANG_WARN_BOOL_CONVERSION = YES;
				CLANG_WARN_CONSTANT_CONVERSION = YES;
				CLANG_WARN_DIRECT_OBJC_ISA_USAGE = YES_ERROR;
				CLANG_WARN_DOCUMENTATION_COMMENTS = YES;
				CLANG_WARN_EMPTY_BODY = YES;
				CLANG_WARN_ENUM_CONVERSION = YES;
				CLANG_WARN_INFINITE_RECURSION = YES;
				CLANG_WARN_INT_CONVERSION = YES;
				CLANG_WARN_OBJC_ROOT_CLASS = YES_ERROR;
				CLANG_WARN_SUSPICIOUS_MOVE = YES;
				CLANG_WARN_UNREACHABLE_CODE = YES;
				CLANG_WARN__DUPLICATE_METHOD_MATCH = YES;
				CODE_SIGN_IDENTITY = "-";
				COPY_PHASE_STRIP = NO;
				DEBUG_INFORMATION_FORMAT = dwarf;
				ENABLE_STRICT_OBJC_MSGSEND = YES;
				ENABLE_TESTABILITY = YES;
				GCC_C_LANGUAGE_STANDARD = gnu99;
				GCC_DYNAMIC_NO_PIC = NO;
				GCC_NO_COMMON_BLOCKS = YES;
				GCC_OPTIMIZATION_LEVEL = 0;
				GCC_PREPROCESSOR_DEFINITIONS = (
					"DEBUG=1",
					"$(inherited)",
				);
				GCC_WARN_64_TO_32_BIT_CONVERSION = YES;
				GCC_WARN_ABOUT_RETURN_TYPE = YES_ERROR;
				GCC_WARN_UNDECLARED_SELECTOR = YES;
				GCC_WARN_UNINITIALIZED_AUTOS = YES_AGGRESSIVE;
				GCC_WARN_UNUSED_FUNCTION = YES;
				GCC_WARN_UNUSED_VARIABLE = YES;
				MACOSX_DEPLOYMENT_TARGET = 10.11;
				MTL_ENABLE_DEBUG_INFO = YES;
				ONLY_ACTIVE_ARCH = YES;
				SDKROOT = macosx;
			};
			name = Debug;
		};
		FD58060B20776A8D00F1EBC3 /* Release */ = {
			isa = XCBuildConfiguration;
			buildSettings = {
				ALWAYS_SEARCH_USER_PATHS = NO;
				CLANG_ANALYZER_NONNULL = YES;
				CLANG_CXX_LANGUAGE_STANDARD = "gnu++0x";
				CLANG_CXX_LIBRARY = "libc++";
				CLANG_ENABLE_MODULES = YES;
				CLANG_ENABLE_OBJC_ARC = YES;
				CLANG_WARN_BOOL_CONVERSION = YES;
				CLANG_WARN_CONSTANT_CONVERSION = YES;
				CLANG_WARN_DIRECT_OBJC_ISA_USAGE = YES_ERROR;
				CLANG_WARN_DOCUMENTATION_COMMENTS = YES;
				CLANG_WARN_EMPTY_BODY = YES;
				CLANG_WARN_ENUM_CONVERSION = YES;
				CLANG_WARN_INFINITE_RECURSION = YES;
				CLANG_WARN_INT_CONVERSION = YES;
				CLANG_WARN_OBJC_ROOT_CLASS = YES_ERROR;
				CLANG_WARN_SUSPICIOUS_MOVE = YES;
				CLANG_WARN_UNREACHABLE_CODE = YES;
				CLANG_WARN__DUPLICATE_METHOD_MATCH = YES;
				CODE_SIGN_IDENTITY = "-";
				COPY_PHASE_STRIP = NO;
				DEBUG_INFORMATION_FORMAT = "dwarf-with-dsym";
				ENABLE_NS_ASSERTIONS = NO;
				ENABLE_STRICT_OBJC_MSGSEND = YES;
				GCC_C_LANGUAGE_STANDARD = gnu99;
				GCC_NO_COMMON_BLOCKS = YES;
				GCC_WARN_64_TO_32_BIT_CONVERSION = YES;
				GCC_WARN_ABOUT_RETURN_TYPE = YES_ERROR;
				GCC_WARN_UNDECLARED_SELECTOR = YES;
				GCC_WARN_UNINITIALIZED_AUTOS = YES_AGGRESSIVE;
				GCC_WARN_UNUSED_FUNCTION = YES;
				GCC_WARN_UNUSED_VARIABLE = YES;
				MACOSX_DEPLOYMENT_TARGET = 10.11;
				MTL_ENABLE_DEBUG_INFO = NO;
				SDKROOT = macosx;
			};
			name = Release;
		};
		FD58060D20776A8D00F1EBC3 /* Debug */ = {
			isa = XCBuildConfiguration;
			buildSettings = {
				PRODUCT_NAME = "$(TARGET_NAME)";
			};
			name = Debug;
		};
		FD58060E20776A8D00F1EBC3 /* Release */ = {
			isa = XCBuildConfiguration;
			buildSettings = {
				PRODUCT_NAME = "$(TARGET_NAME)";
			};
			name = Release;
		};
/* End XCBuildConfiguration section */

/* Begin XCConfigurationList section */
		FD58060020776A8C00F1EBC3 /* Build configuration list for PBXProject "classes" */ = {
			isa = XCConfigurationList;
			buildConfigurations = (
				FD58060A20776A8D00F1EBC3 /* Debug */,
				FD58060B20776A8D00F1EBC3 /* Release */,
			);
			defaultConfigurationIsVisible = 0;
			defaultConfigurationName = Release;
		};
		FD58060C20776A8D00F1EBC3 /* Build configuration list for PBXNativeTarget "classes" */ = {
			isa = XCConfigurationList;
			buildConfigurations = (
				FD58060D20776A8D00F1EBC3 /* Debug */,
				FD58060E20776A8D00F1EBC3 /* Release */,
			);
			defaultConfigurationIsVisible = 0;
			defaultConfigurationName = Release;
		};
/* End XCConfigurationList section */
	};
	rootObject = FD5805FD20776A8C00F1EBC3 /* Project object */;
}
